
Microsoft Visual Studio Solution File, Format Version 11.00
# Visual Studio 2010
# SharpDevelop 5.1
Project("{FAE04EC0-301F-11D3-BF4B-00C04F79EFBC}") = "cp2cp", "cp2cp\cp2cp.csproj", "{19FDB133-3DD5-41B8-8352-3C96E8606AD5}"
EndProject
Global
	GlobalSection(SolutionConfigurationPlatforms) = preSolution
		Debug|Any CPU = Debug|Any CPU
		Release|Any CPU = Release|Any CPU
	EndGlobalSection
	GlobalSection(ProjectConfigurationPlatforms) = postSolution
		{19FDB133-3DD5-41B8-8352-3C96E8606AD5}.Debug|Any CPU.ActiveCfg = Release|Any CPU
		{19FDB133-3DD5-41B8-8352-3C96E8606AD5}.Debug|Any CPU.Build.0 = Release|Any CPU
		{19FDB133-3DD5-41B8-8352-3C96E8606AD5}.Release|Any CPU.ActiveCfg = Release|Any CPU
		{19FDB133-3DD5-41B8-8352-3C96E8606AD5}.Release|Any CPU.Build.0 = Release|Any CPU
	EndGlobalSection
EndGlobal
